
Microsoft Visual Studio Solution File, Format Version 12.00
# Visual Studio 15
VisualStudioVersion = 15.0.28307.438
MinimumVisualStudioVersion = 10.0.40219.1
Project("{FAE04EC0-301F-11D3-BF4B-00C04F79EFBC}") = "functionSolution", "functionSolution\functionSolution.csproj", "{AD36356B-D5E7-426A-8E4F-5C5D58B5081F}"
EndProject
Global
	GlobalSection(SolutionConfigurationPlatforms) = preSolution
		Debug|Any CPU = Debug|Any CPU
		Release|Any CPU = Release|Any CPU
	EndGlobalSection
	GlobalSection(ProjectConfigurationPlatforms) = postSolution
		{AD36356B-D5E7-426A-8E4F-5C5D58B5081F}.Debug|Any CPU.ActiveCfg = Debug|Any CPU
		{AD36356B-D5E7-426A-8E4F-5C5D58B5081F}.Debug|Any CPU.Build.0 = Debug|Any CPU
		{AD36356B-D5E7-426A-8E4F-5C5D58B5081F}.Release|Any CPU.ActiveCfg = Release|Any CPU
		{AD36356B-D5E7-426A-8E4F-5C5D58B5081F}.Release|Any CPU.Build.0 = Release|Any CPU
	EndGlobalSection
	GlobalSection(SolutionProperties) = preSolution
		HideSolutionNode = FALSE
	EndGlobalSection
	GlobalSection(ExtensibilityGlobals) = postSolution
		SolutionGuid = {6CB3F4D5-0FC6-4A4D-8A59-3ADD49450FF0}
	EndGlobalSection
EndGlobal
